
Microsoft Visual Studio Solution File, Format Version 12.00
# Visual Studio Version 16
VisualStudioVersion = 16.0.29215.179
MinimumVisualStudioVersion = 10.0.40219.1
Project("{FAE04EC0-301F-11D3-BF4B-00C04F79EFBC}") = "ControlsAndCompoundConditionBrady", "ControlsAndCompoundConditionBrady\ControlsAndCompoundConditionBrady.csproj", "{B099DC88-0D52-4857-90AE-BA68F205F2F7}"
EndProject
Global
	GlobalSection(SolutionConfigurationPlatforms) = preSolution
		Debug|Any CPU = Debug|Any CPU
		Release|Any CPU = Release|Any CPU
	EndGlobalSection
	GlobalSection(ProjectConfigurationPlatforms) = postSolution
		{B099DC88-0D52-4857-90AE-BA68F205F2F7}.Debug|Any CPU.ActiveCfg = Debug|Any CPU
		{B099DC88-0D52-4857-90AE-BA68F205F2F7}.Debug|Any CPU.Build.0 = Debug|Any CPU
		{B099DC88-0D52-4857-90AE-BA68F205F2F7}.Release|Any CPU.ActiveCfg = Release|Any CPU
		{B099DC88-0D52-4857-90AE-BA68F205F2F7}.Release|Any CPU.Build.0 = Release|Any CPU
	EndGlobalSection
	GlobalSection(SolutionProperties) = preSolution
		HideSolutionNode = FALSE
	EndGlobalSection
	GlobalSection(ExtensibilityGlobals) = postSolution
		SolutionGuid = {778933D9-4FF2-4D1C-B59A-A97535916524}
	EndGlobalSection
EndGlobal
